{
  "nodes": {
    "disko": {
      "inputs": {
        "nixpkgs": [
          "nixpkgs"
        ]
      },
      "locked": {
        "lastModified": 1755519972,
        "narHash": "sha256-bU4nqi3IpsUZJeyS8Jk85ytlX61i4b0KCxXX9YcOgVc=",
        "owner": "nix-community",
        "repo": "disko",
        "rev": "4073ff2f481f9ef3501678ff479ed81402caae6d",
        "type": "github"
      },
      "original": {
        "id": "disko",
        "type": "indirect"
      }
    },
    "nixpkgs": {
      "locked": {
        "lastModified": 1755516930,
        "narHash": "sha256-XGNAH9UjOcg7JLANNuylkz9JG4lcaTkmvfiiWI4OWsQ=",
        "owner": "NixOS",
        "repo": "nixpkgs",
        "rev": "a3f75d80983edb6010b08b9e6ce889811129a26c",
        "type": "github"
      },
      "original": {
        "owner": "NixOS",
        "ref": "nixpkgs-unstable",
        "repo": "nixpkgs",
        "type": "github"
      }
    },
    "root": {
      "inputs": {
        "disko": "disko",
        "nixpkgs": "nixpkgs"
      }
    }
  },
  "root": "root",
  "version": 7
}
