{
  "nodes": {
    "disko": {
      "inputs": {
        "nixpkgs": [
          "nixpkgs"
        ]
      },
      "locked": {
        "lastModified": 1754971456,
        "narHash": "sha256-p04ZnIBGzerSyiY2dNGmookCldhldWAu03y0s3P8CB0=",
        "owner": "nix-community",
        "repo": "disko",
        "rev": "8246829f2e675a46919718f9a64b71afe3bfb22d",
        "type": "github"
      },
      "original": {
        "owner": "nix-community",
        "repo": "disko",
        "type": "github"
      }
    },
    "nixos-facter-modules": {
      "locked": {
        "lastModified": 1755092700,
        "narHash": "sha256-knQiR+/3d9RQR6rIDUORO6ZBITleDKDqS4r/pl327WU=",
        "owner": "numtide",
        "repo": "nixos-facter-modules",
        "rev": "7641b72e58c59ebb3c753fc36ff8ee3506ae8e05",
        "type": "github"
      },
      "original": {
        "owner": "numtide",
        "repo": "nixos-facter-modules",
        "type": "github"
      }
    },
    "nixpkgs": {
      "locked": {
        "lastModified": 1755175540,
        "narHash": "sha256-V0j2S1r25QnbqBLzN2Rg/dKKil789bI3P3id7bDPVc4=",
        "owner": "NixOS",
        "repo": "nixpkgs",
        "rev": "a595dde4d0d31606e19dcec73db02279db59d201",
        "type": "github"
      },
      "original": {
        "owner": "NixOS",
        "ref": "nixpkgs-unstable",
        "repo": "nixpkgs",
        "type": "github"
      }
    },
    "root": {
      "inputs": {
        "disko": "disko",
        "nixos-facter-modules": "nixos-facter-modules",
        "nixpkgs": "nixpkgs"
      }
    }
  },
  "root": "root",
  "version": 7
}
